
Microsoft Visual Studio Solution File, Format Version 12.00
# Visual Studio 14
VisualStudioVersion = 14.0.25420.1
MinimumVisualStudioVersion = 10.0.40219.1
Project("{FAE04EC0-301F-11D3-BF4B-00C04F79EFBC}") = "Barings.Controls.WPF", "Barings.Controls.WPF\Barings.Controls.WPF.csproj", "{777DAC02-C82E-4236-A9F0-67C7A104C009}"
EndProject
Project("{FAE04EC0-301F-11D3-BF4B-00C04F79EFBC}") = "Barings.Controls.WPF.Examples", "Barings.Controls.WPF.Examples\Barings.Controls.WPF.Examples.csproj", "{D2FA5364-5A82-4DBC-8CAD-D4A2C20E03E7}"
EndProject
Global
	GlobalSection(SolutionConfigurationPlatforms) = preSolution
		Debug|Any CPU = Debug|Any CPU
		Release|Any CPU = Release|Any CPU
	EndGlobalSection
	GlobalSection(ProjectConfigurationPlatforms) = postSolution
		{777DAC02-C82E-4236-A9F0-67C7A104C009}.Debug|Any CPU.ActiveCfg = Debug|Any CPU
		{777DAC02-C82E-4236-A9F0-67C7A104C009}.Debug|Any CPU.Build.0 = Debug|Any CPU
		{777DAC02-C82E-4236-A9F0-67C7A104C009}.Release|Any CPU.ActiveCfg = Release|Any CPU
		{777DAC02-C82E-4236-A9F0-67C7A104C009}.Release|Any CPU.Build.0 = Release|Any CPU
		{D2FA5364-5A82-4DBC-8CAD-D4A2C20E03E7}.Debug|Any CPU.ActiveCfg = Debug|Any CPU
		{D2FA5364-5A82-4DBC-8CAD-D4A2C20E03E7}.Debug|Any CPU.Build.0 = Debug|Any CPU
		{D2FA5364-5A82-4DBC-8CAD-D4A2C20E03E7}.Release|Any CPU.ActiveCfg = Release|Any CPU
		{D2FA5364-5A82-4DBC-8CAD-D4A2C20E03E7}.Release|Any CPU.Build.0 = Release|Any CPU
	EndGlobalSection
	GlobalSection(SolutionProperties) = preSolution
		HideSolutionNode = FALSE
	EndGlobalSection
EndGlobal
